{
    "_readme": [
        "This file locks the dependencies of your project to a known state",
        "Read more about it at https://getcomposer.org/doc/01-basic-usage.md#installing-dependencies",
        "This file is @generated automatically"
    ],
    "content-hash": "0788958979ae8e28c48d1a631eff8587",
    "packages": [
        {
            "name": "houdunwang/arr",
            "version": "dev-master",
            "source": {
                "type": "git",
                "url": "https://github.com/houdunwang/arr.git",
                "reference": "80421e648652f42ef7a1fcf7281fe70ee987885f"
            },
            "dist": {
                "type": "zip",
                "url": "https://api.github.com/repos/houdunwang/arr/zipball/80421e648652f42ef7a1fcf7281fe70ee987885f",
                "reference": "80421e648652f42ef7a1fcf7281fe70ee987885f",
                "shasum": ""
            },
            "require": {
                "php": ">=5.4.0"
            },
            "require-dev": {
                "phpunit/phpunit": "^6.1"
            },
            "default-branch": true,
            "type": "library",
            "autoload": {
                "files": [],
                "psr-4": {
                    "Houdunwang\\Arr\\": "src"
                }
            },
            "notification-url": "https://packagist.org/downloads/",
            "license": [
                "MIT"
            ],
            "authors": [
                {
                    "name": "后盾网向军",
                    "email": "2300071698@qq.com"
                }
            ],
            "description": "数组增强组件主要是对数组等数据进行处理，如无限级分类操作、商品规格的迪卡尔乘积运算等",
            "homepage": "http://www.houdunwang.com/",
            "keywords": [
                "array",
                "hdphp",
                "houdunwang",
                "后盾人",
                "后盾网",
                "向军老师"
            ],
            "support": {
                "issues": "https://github.com/houdunwang/arr/issues",
                "source": "https://github.com/houdunwang/arr/tree/v2.02"
            },
            "time": "2020-10-21T08:27:07+00:00"
        }
    ],
    "packages-dev": [],
    "aliases": [],
    "minimum-stability": "dev",
    "stability-flags": [],
    "prefer-stable": false,
    "prefer-lowest": false,
    "platform": [],
    "platform-dev": [],
    "plugin-api-version": "2.3.0"
}
